
Microsoft Visual Studio Solution File, Format Version 12.00
# Visual Studio Version 17
VisualStudioVersion = 17.3.32825.248
MinimumVisualStudioVersion = 10.0.40219.1
Project("{FAE04EC0-301F-11D3-BF4B-00C04F79EFBC}") = "PersonaCrud", "PersonaCrud\PersonaCrud.csproj", "{AD833DC7-F968-4E2E-84D4-CDE0F855D076}"
EndProject
Global
	GlobalSection(SolutionConfigurationPlatforms) = preSolution
		Debug|Any CPU = Debug|Any CPU
		Release|Any CPU = Release|Any CPU
	EndGlobalSection
	GlobalSection(ProjectConfigurationPlatforms) = postSolution
		{AD833DC7-F968-4E2E-84D4-CDE0F855D076}.Debug|Any CPU.ActiveCfg = Debug|Any CPU
		{AD833DC7-F968-4E2E-84D4-CDE0F855D076}.Debug|Any CPU.Build.0 = Debug|Any CPU
		{AD833DC7-F968-4E2E-84D4-CDE0F855D076}.Release|Any CPU.ActiveCfg = Release|Any CPU
		{AD833DC7-F968-4E2E-84D4-CDE0F855D076}.Release|Any CPU.Build.0 = Release|Any CPU
	EndGlobalSection
	GlobalSection(SolutionProperties) = preSolution
		HideSolutionNode = FALSE
	EndGlobalSection
	GlobalSection(ExtensibilityGlobals) = postSolution
		SolutionGuid = {A0A393B7-C69C-4BD6-9F43-AB3C44FE9833}
	EndGlobalSection
EndGlobal
